
Microsoft Visual Studio Solution File, Format Version 12.00
# Visual Studio 15
VisualStudioVersion = 15.0.28307.572
MinimumVisualStudioVersion = 10.0.40219.1
Project("{FAE04EC0-301F-11D3-BF4B-00C04F79EFBC}") = "aera_2d6", "aera_2d6\aera_2d6.csproj", "{0190B241-5F17-4C16-A94A-889FA5A03AD3}"
EndProject
Project("{2150E333-8FDC-42A3-9474-1A3956D46DE8}") = "2 - Domain", "2 - Domain", "{67BB6787-3D42-41A2-A27D-F46E86214C17}"
EndProject
Project("{2150E333-8FDC-42A3-9474-1A3956D46DE8}") = "1 - Application", "1 - Application", "{BECD5300-28C9-4199-B762-E7ED92DFFD3A}"
EndProject
Project("{2150E333-8FDC-42A3-9474-1A3956D46DE8}") = "3 - Service", "3 - Service", "{3CA708F5-D425-461D-AD97-154C50BE7C2C}"
EndProject
Project("{2150E333-8FDC-42A3-9474-1A3956D46DE8}") = "4 - Infra", "4 - Infra", "{295CE6C7-0A73-44A0-A7CC-970AB1CEEA09}"
EndProject
Project("{2150E333-8FDC-42A3-9474-1A3956D46DE8}") = "4.1 - Data", "4.1 - Data", "{680B7772-42E3-4B6F-A634-3CD1193FFF5E}"
EndProject
Project("{2150E333-8FDC-42A3-9474-1A3956D46DE8}") = "4.2 - CrossCutting", "4.2 - CrossCutting", "{B890CB19-2E63-4367-B3FE-BC1513862B0F}"
EndProject
Project("{FAE04EC0-301F-11D3-BF4B-00C04F79EFBC}") = "Domain", "Modelo.Domain\Domain.csproj", "{705E5097-9792-4952-BB3A-E7BAB77875EC}"
EndProject
Project("{FAE04EC0-301F-11D3-BF4B-00C04F79EFBC}") = "Service", "Service\Service.csproj", "{378B3224-ACEE-43E0-8C69-A16B32DBC92F}"
EndProject
Project("{FAE04EC0-301F-11D3-BF4B-00C04F79EFBC}") = "Data", "Data\Data.csproj", "{186E2F8A-ECBB-47CF-85A8-803BF07F4D24}"
EndProject
Project("{FAE04EC0-301F-11D3-BF4B-00C04F79EFBC}") = "CrossCutting", "CrossCutting\CrossCutting.csproj", "{CBC3E9F2-061C-4DD2-86E8-31781542D026}"
EndProject
Global
	GlobalSection(SolutionConfigurationPlatforms) = preSolution
		Debug|Any CPU = Debug|Any CPU
		Release|Any CPU = Release|Any CPU
	EndGlobalSection
	GlobalSection(ProjectConfigurationPlatforms) = postSolution
		{0190B241-5F17-4C16-A94A-889FA5A03AD3}.Debug|Any CPU.ActiveCfg = Debug|Any CPU
		{0190B241-5F17-4C16-A94A-889FA5A03AD3}.Debug|Any CPU.Build.0 = Debug|Any CPU
		{0190B241-5F17-4C16-A94A-889FA5A03AD3}.Release|Any CPU.ActiveCfg = Release|Any CPU
		{0190B241-5F17-4C16-A94A-889FA5A03AD3}.Release|Any CPU.Build.0 = Release|Any CPU
		{705E5097-9792-4952-BB3A-E7BAB77875EC}.Debug|Any CPU.ActiveCfg = Debug|Any CPU
		{705E5097-9792-4952-BB3A-E7BAB77875EC}.Debug|Any CPU.Build.0 = Debug|Any CPU
		{705E5097-9792-4952-BB3A-E7BAB77875EC}.Release|Any CPU.ActiveCfg = Release|Any CPU
		{705E5097-9792-4952-BB3A-E7BAB77875EC}.Release|Any CPU.Build.0 = Release|Any CPU
		{378B3224-ACEE-43E0-8C69-A16B32DBC92F}.Debug|Any CPU.ActiveCfg = Debug|Any CPU
		{378B3224-ACEE-43E0-8C69-A16B32DBC92F}.Debug|Any CPU.Build.0 = Debug|Any CPU
		{378B3224-ACEE-43E0-8C69-A16B32DBC92F}.Release|Any CPU.ActiveCfg = Release|Any CPU
		{378B3224-ACEE-43E0-8C69-A16B32DBC92F}.Release|Any CPU.Build.0 = Release|Any CPU
		{186E2F8A-ECBB-47CF-85A8-803BF07F4D24}.Debug|Any CPU.ActiveCfg = Debug|Any CPU
		{186E2F8A-ECBB-47CF-85A8-803BF07F4D24}.Debug|Any CPU.Build.0 = Debug|Any CPU
		{186E2F8A-ECBB-47CF-85A8-803BF07F4D24}.Release|Any CPU.ActiveCfg = Release|Any CPU
		{186E2F8A-ECBB-47CF-85A8-803BF07F4D24}.Release|Any CPU.Build.0 = Release|Any CPU
		{CBC3E9F2-061C-4DD2-86E8-31781542D026}.Debug|Any CPU.ActiveCfg = Debug|Any CPU
		{CBC3E9F2-061C-4DD2-86E8-31781542D026}.Debug|Any CPU.Build.0 = Debug|Any CPU
		{CBC3E9F2-061C-4DD2-86E8-31781542D026}.Release|Any CPU.ActiveCfg = Release|Any CPU
		{CBC3E9F2-061C-4DD2-86E8-31781542D026}.Release|Any CPU.Build.0 = Release|Any CPU
	EndGlobalSection
	GlobalSection(SolutionProperties) = preSolution
		HideSolutionNode = FALSE
	EndGlobalSection
	GlobalSection(NestedProjects) = preSolution
		{0190B241-5F17-4C16-A94A-889FA5A03AD3} = {BECD5300-28C9-4199-B762-E7ED92DFFD3A}
		{680B7772-42E3-4B6F-A634-3CD1193FFF5E} = {295CE6C7-0A73-44A0-A7CC-970AB1CEEA09}
		{B890CB19-2E63-4367-B3FE-BC1513862B0F} = {295CE6C7-0A73-44A0-A7CC-970AB1CEEA09}
		{705E5097-9792-4952-BB3A-E7BAB77875EC} = {67BB6787-3D42-41A2-A27D-F46E86214C17}
		{378B3224-ACEE-43E0-8C69-A16B32DBC92F} = {3CA708F5-D425-461D-AD97-154C50BE7C2C}
		{186E2F8A-ECBB-47CF-85A8-803BF07F4D24} = {680B7772-42E3-4B6F-A634-3CD1193FFF5E}
		{CBC3E9F2-061C-4DD2-86E8-31781542D026} = {B890CB19-2E63-4367-B3FE-BC1513862B0F}
	EndGlobalSection
	GlobalSection(ExtensibilityGlobals) = postSolution
		SolutionGuid = {540EA96B-0A07-443D-AAE2-C85FF218368C}
	EndGlobalSection
EndGlobal
